
Microsoft Visual Studio Solution File, Format Version 12.00
# Visual Studio Version 16
VisualStudioVersion = 16.0.31410.357
MinimumVisualStudioVersion = 10.0.40219.1
Project("{9A19103F-16F7-4668-BE54-9A1E7A4F7556}") = "AssetManagementProject.web.Api", "AssetManagementProject.web.Api\AssetManagementProject.web.Api.csproj", "{D02AA366-9441-4550-BFC6-527438E36043}"
EndProject
Project("{9A19103F-16F7-4668-BE54-9A1E7A4F7556}") = "AssetManagementProject.web.Domain", "AssetManagementProject.web.Domain\AssetManagementProject.web.Domain.csproj", "{D866786D-7BA2-42D5-B227-9E782B443641}"
EndProject
Project("{9A19103F-16F7-4668-BE54-9A1E7A4F7556}") = "AssetManagementProject.web.Entity", "AssetManagementProject.web.Entity\AssetManagementProject.web.Entity.csproj", "{21AEE819-451D-41D1-975A-EB2AD2699D6E}"
EndProject
Project("{9A19103F-16F7-4668-BE54-9A1E7A4F7556}") = "AssetManagementProject.web.Test", "AssetManagementProject.web.Test\AssetManagementProject.web.Test.csproj", "{58A715CF-5B74-4863-8160-CF11B6BC4A7A}"
EndProject
Global
	GlobalSection(SolutionConfigurationPlatforms) = preSolution
		Debug|Any CPU = Debug|Any CPU
		Release|Any CPU = Release|Any CPU
	EndGlobalSection
	GlobalSection(ProjectConfigurationPlatforms) = postSolution
		{D02AA366-9441-4550-BFC6-527438E36043}.Debug|Any CPU.ActiveCfg = Debug|Any CPU
		{D02AA366-9441-4550-BFC6-527438E36043}.Debug|Any CPU.Build.0 = Debug|Any CPU
		{D02AA366-9441-4550-BFC6-527438E36043}.Release|Any CPU.ActiveCfg = Release|Any CPU
		{D02AA366-9441-4550-BFC6-527438E36043}.Release|Any CPU.Build.0 = Release|Any CPU
		{D866786D-7BA2-42D5-B227-9E782B443641}.Debug|Any CPU.ActiveCfg = Debug|Any CPU
		{D866786D-7BA2-42D5-B227-9E782B443641}.Debug|Any CPU.Build.0 = Debug|Any CPU
		{D866786D-7BA2-42D5-B227-9E782B443641}.Release|Any CPU.ActiveCfg = Release|Any CPU
		{D866786D-7BA2-42D5-B227-9E782B443641}.Release|Any CPU.Build.0 = Release|Any CPU
		{21AEE819-451D-41D1-975A-EB2AD2699D6E}.Debug|Any CPU.ActiveCfg = Debug|Any CPU
		{21AEE819-451D-41D1-975A-EB2AD2699D6E}.Debug|Any CPU.Build.0 = Debug|Any CPU
		{21AEE819-451D-41D1-975A-EB2AD2699D6E}.Release|Any CPU.ActiveCfg = Release|Any CPU
		{21AEE819-451D-41D1-975A-EB2AD2699D6E}.Release|Any CPU.Build.0 = Release|Any CPU
		{58A715CF-5B74-4863-8160-CF11B6BC4A7A}.Debug|Any CPU.ActiveCfg = Debug|Any CPU
		{58A715CF-5B74-4863-8160-CF11B6BC4A7A}.Debug|Any CPU.Build.0 = Debug|Any CPU
		{58A715CF-5B74-4863-8160-CF11B6BC4A7A}.Release|Any CPU.ActiveCfg = Release|Any CPU
		{58A715CF-5B74-4863-8160-CF11B6BC4A7A}.Release|Any CPU.Build.0 = Release|Any CPU
	EndGlobalSection
	GlobalSection(SolutionProperties) = preSolution
		HideSolutionNode = FALSE
	EndGlobalSection
	GlobalSection(ExtensibilityGlobals) = postSolution
		SolutionGuid = {878650CE-72B4-4CCC-A72D-48C70A3120BF}
	EndGlobalSection
EndGlobal
